// !$*UTF8*$!
{
	archiveVersion = 1;
	classes = {
	};
	objectVersion = 50;
	objects = {

/* Begin PBXBuildFile section */
		967E58FA250CB03200E2B011 /* AppDelegate.swift in Sources */ = {isa = PBXBuildFile; fileRef = 967E58F9250CB03200E2B011 /* AppDelegate.swift */; };
		967E58FC250CB03200E2B011 /* SceneDelegate.swift in Sources */ = {isa = PBXBuildFile; fileRef = 967E58FB250CB03200E2B011 /* SceneDelegate.swift */; };
		967E58FE250CB03200E2B011 /* ContentView.swift in Sources */ = {isa = PBXBuildFile; fileRef = 967E58FD250CB03200E2B011 /* ContentView.swift */; };
		967E5900250CB03400E2B011 /* Assets.xcassets in Resources */ = {isa = PBXBuildFile; fileRef = 967E58FF250CB03400E2B011 /* Assets.xcassets */; };
		967E5903250CB03400E2B011 /* Preview Assets.xcassets in Resources */ = {isa = PBXBuildFile; fileRef = 967E5902250CB03400E2B011 /* Preview Assets.xcassets */; };
		967E5906250CB03400E2B011 /* LaunchScreen.storyboard in Resources */ = {isa = PBXBuildFile; fileRef = 967E5904250CB03400E2B011 /* LaunchScreen.storyboard */; };
		967E5911250CB03400E2B011 /* ToDoAppTests.swift in Sources */ = {isa = PBXBuildFile; fileRef = 967E5910250CB03400E2B011 /* ToDoAppTests.swift */; };
		967E591C250CB03400E2B011 /* ToDoAppUITests.swift in Sources */ = {isa = PBXBuildFile; fileRef = 967E591B250CB03400E2B011 /* ToDoAppUITests.swift */; };
		967E592A250CB1CB00E2B011 /* File.swift in Sources */ = {isa = PBXBuildFile; fileRef = 967E5929250CB1CB00E2B011 /* File.swift */; };
/* End PBXBuildFile section */

/* Begin PBXContainerItemProxy section */
		967E590D250CB03400E2B011 /* PBXContainerItemProxy */ = {
			isa = PBXContainerItemProxy;
			containerPortal = 967E58EE250CB03200E2B011 /* Project object */;
			proxyType = 1;
			remoteGlobalIDString = 967E58F5250CB03200E2B011;
			remoteInfo = ToDoApp;
		};
		967E5918250CB03400E2B011 /* PBXContainerItemProxy */ = {
			isa = PBXContainerItemProxy;
			containerPortal = 967E58EE250CB03200E2B011 /* Project object */;
			proxyType = 1;
			remoteGlobalIDString = 967E58F5250CB03200E2B011;
			remoteInfo = ToDoApp;
		};
/* End PBXContainerItemProxy section */

/* Begin PBXFileReference section */
		967E58F6250CB03200E2B011 /* ToDoApp.app */ = {isa = PBXFileReference; explicitFileType = wrapper.application; includeInIndex = 0; path = ToDoApp.app; sourceTree = BUILT_PRODUCTS_DIR; };
		967E58F9250CB03200E2B011 /* AppDelegate.swift */ = {isa = PBXFileReference; lastKnownFileType = sourcecode.swift; path = AppDelegate.swift; sourceTree = "<group>"; };
		967E58FB250CB03200E2B011 /* SceneDelegate.swift */ = {isa = PBXFileReference; lastKnownFileType = sourcecode.swift; path = SceneDelegate.swift; sourceTree = "<group>"; };
		967E58FD250CB03200E2B011 /* ContentView.swift */ = {isa = PBXFileReference; lastKnownFileType = sourcecode.swift; path = ContentView.swift; sourceTree = "<group>"; };
		967E58FF250CB03400E2B011 /* Assets.xcassets */ = {isa = PBXFileReference; lastKnownFileType = folder.assetcatalog; path = Assets.xcassets; sourceTree = "<group>"; };
		967E5902250CB03400E2B011 /* Preview Assets.xcassets */ = {isa = PBXFileReference; lastKnownFileType = folder.assetcatalog; path = "Preview Assets.xcassets"; sourceTree = "<group>"; };
		967E5905250CB03400E2B011 /* Base */ = {isa = PBXFileReference; lastKnownFileType = file.storyboard; name = Base; path = Base.lproj/LaunchScreen.storyboard; sourceTree = "<group>"; };
		967E5907250CB03400E2B011 /* Info.plist */ = {isa = PBXFileReference; lastKnownFileType = text.plist.xml; path = Info.plist; sourceTree = "<group>"; };
		967E590C250CB03400E2B011 /* ToDoAppTests.xctest */ = {isa = PBXFileReference; explicitFileType = wrapper.cfbundle; includeInIndex = 0; path = ToDoAppTests.xctest; sourceTree = BUILT_PRODUCTS_DIR; };
		967E5910250CB03400E2B011 /* ToDoAppTests.swift */ = {isa = PBXFileReference; lastKnownFileType = sourcecode.swift; path = ToDoAppTests.swift; sourceTree = "<group>"; };
		967E5912250CB03400E2B011 /* Info.plist */ = {isa = PBXFileReference; lastKnownFileType = text.plist.xml; path = Info.plist; sourceTree = "<group>"; };
		967E5917250CB03400E2B011 /* ToDoAppUITests.xctest */ = {isa = PBXFileReference; explicitFileType = wrapper.cfbundle; includeInIndex = 0; path = ToDoAppUITests.xctest; sourceTree = BUILT_PRODUCTS_DIR; };
		967E591B250CB03400E2B011 /* ToDoAppUITests.swift */ = {isa = PBXFileReference; lastKnownFileType = sourcecode.swift; path = ToDoAppUITests.swift; sourceTree = "<group>"; };
		967E591D250CB03400E2B011 /* Info.plist */ = {isa = PBXFileReference; lastKnownFileType = text.plist.xml; path = Info.plist; sourceTree = "<group>"; };
		967E5929250CB1CB00E2B011 /* File.swift */ = {isa = PBXFileReference; lastKnownFileType = sourcecode.swift; path = File.swift; sourceTree = "<group>"; };
/* End PBXFileReference section */

/* Begin PBXFrameworksBuildPhase section */
		967E58F3250CB03200E2B011 /* Frameworks */ = {
			isa = PBXFrameworksBuildPhase;
			buildActionMask = 2147483647;
			files = (
			);
			runOnlyForDeploymentPostprocessing = 0;
		};
		967E5909250CB03400E2B011 /* Frameworks */ = {
			isa = PBXFrameworksBuildPhase;
			buildActionMask = 2147483647;
			files = (
			);
			runOnlyForDeploymentPostprocessing = 0;
		};
		967E5914250CB03400E2B011 /* Frameworks */ = {
			isa = PBXFrameworksBuildPhase;
			buildActionMask = 2147483647;
			files = (
			);
			runOnlyForDeploymentPostprocessing = 0;
		};
/* End PBXFrameworksBuildPhase section */

/* Begin PBXGroup section */
		967E58ED250CB03200E2B011 = {
			isa = PBXGroup;
			children = (
				967E5929250CB1CB00E2B011 /* File.swift */,
				967E58F8250CB03200E2B011 /* ToDoApp */,
				967E590F250CB03400E2B011 /* ToDoAppTests */,
				967E591A250CB03400E2B011 /* ToDoAppUITests */,
				967E58F7250CB03200E2B011 /* Products */,
			);
			sourceTree = "<group>";
		};
		967E58F7250CB03200E2B011 /* Products */ = {
			isa = PBXGroup;
			children = (
				967E58F6250CB03200E2B011 /* ToDoApp.app */,
				967E590C250CB03400E2B011 /* ToDoAppTests.xctest */,
				967E5917250CB03400E2B011 /* ToDoAppUITests.xctest */,
			);
			name = Products;
			sourceTree = "<group>";
		};
		967E58F8250CB03200E2B011 /* ToDoApp */ = {
			isa = PBXGroup;
			children = (
				967E58F9250CB03200E2B011 /* AppDelegate.swift */,
				967E58FB250CB03200E2B011 /* SceneDelegate.swift */,
				967E58FD250CB03200E2B011 /* ContentView.swift */,
				967E58FF250CB03400E2B011 /* Assets.xcassets */,
				967E5904250CB03400E2B011 /* LaunchScreen.storyboard */,
				967E5907250CB03400E2B011 /* Info.plist */,
				967E5901250CB03400E2B011 /* Preview Content */,
			);
			path = ToDoApp;
			sourceTree = "<group>";
		};
		967E5901250CB03400E2B011 /* Preview Content */ = {
			isa = PBXGroup;
			children = (
				967E5902250CB03400E2B011 /* Preview Assets.xcassets */,
			);
			path = "Preview Content";
			sourceTree = "<group>";
		};
		967E590F250CB03400E2B011 /* ToDoAppTests */ = {
			isa = PBXGroup;
			children = (
				967E5910250CB03400E2B011 /* ToDoAppTests.swift */,
				967E5912250CB03400E2B011 /* Info.plist */,
			);
			path = ToDoAppTests;
			sourceTree = "<group>";
		};
		967E591A250CB03400E2B011 /* ToDoAppUITests */ = {
			isa = PBXGroup;
			children = (
				967E591B250CB03400E2B011 /* ToDoAppUITests.swift */,
				967E591D250CB03400E2B011 /* Info.plist */,
			);
			path = ToDoAppUITests;
			sourceTree = "<group>";
		};
/* End PBXGroup section */

/* Begin PBXNativeTarget section */
		967E58F5250CB03200E2B011 /* ToDoApp */ = {
			isa = PBXNativeTarget;
			buildConfigurationList = 967E5920250CB03400E2B011 /* Build configuration list for PBXNativeTarget "ToDoApp" */;
			buildPhases = (
				967E58F2250CB03200E2B011 /* Sources */,
				967E58F3250CB03200E2B011 /* Frameworks */,
				967E58F4250CB03200E2B011 /* Resources */,
			);
			buildRules = (
			);
			dependencies = (
			);
			name = ToDoApp;
			productName = ToDoApp;
			productReference = 967E58F6250CB03200E2B011 /* ToDoApp.app */;
			productType = "com.apple.product-type.application";
		};
		967E590B250CB03400E2B011 /* ToDoAppTests */ = {
			isa = PBXNativeTarget;
			buildConfigurationList = 967E5923250CB03400E2B011 /* Build configuration list for PBXNativeTarget "ToDoAppTests" */;
			buildPhases = (
				967E5908250CB03400E2B011 /* Sources */,
				967E5909250CB03400E2B011 /* Frameworks */,
				967E590A250CB03400E2B011 /* Resources */,
			);
			buildRules = (
			);
			dependencies = (
				967E590E250CB03400E2B011 /* PBXTargetDependency */,
			);
			name = ToDoAppTests;
			productName = ToDoAppTests;
			productReference = 967E590C250CB03400E2B011 /* ToDoAppTests.xctest */;
			productType = "com.apple.product-type.bundle.unit-test";
		};
		967E5916250CB03400E2B011 /* ToDoAppUITests */ = {
			isa = PBXNativeTarget;
			buildConfigurationList = 967E5926250CB03400E2B011 /* Build configuration list for PBXNativeTarget "ToDoAppUITests" */;
			buildPhases = (
				967E5913250CB03400E2B011 /* Sources */,
				967E5914250CB03400E2B011 /* Frameworks */,
				967E5915250CB03400E2B011 /* Resources */,
			);
			buildRules = (
			);
			dependencies = (
				967E5919250CB03400E2B011 /* PBXTargetDependency */,
			);
			name = ToDoAppUITests;
			productName = ToDoAppUITests;
			productReference = 967E5917250CB03400E2B011 /* ToDoAppUITests.xctest */;
			productType = "com.apple.product-type.bundle.ui-testing";
		};
/* End PBXNativeTarget section */

/* Begin PBXProject section */
		967E58EE250CB03200E2B011 /* Project object */ = {
			isa = PBXProject;
			attributes = {
				LastSwiftUpdateCheck = 1160;
				LastUpgradeCheck = 1160;
				ORGANIZATIONNAME = "Jordan Hilado";
				TargetAttributes = {
					967E58F5250CB03200E2B011 = {
						CreatedOnToolsVersion = 11.6;
					};
					967E590B250CB03400E2B011 = {
						CreatedOnToolsVersion = 11.6;
						TestTargetID = 967E58F5250CB03200E2B011;
					};
					967E5916250CB03400E2B011 = {
						CreatedOnToolsVersion = 11.6;
						TestTargetID = 967E58F5250CB03200E2B011;
					};
				};
			};
			buildConfigurationList = 967E58F1250CB03200E2B011 /* Build configuration list for PBXProject "ToDoApp" */;
			compatibilityVersion = "Xcode 9.3";
			developmentRegion = en;
			hasScannedForEncodings = 0;
			knownRegions = (
				en,
				Base,
			);
			mainGroup = 967E58ED250CB03200E2B011;
			productRefGroup = 967E58F7250CB03200E2B011 /* Products */;
			projectDirPath = "";
			projectRoot = "";
			targets = (
				967E58F5250CB03200E2B011 /* ToDoApp */,
				967E590B250CB03400E2B011 /* ToDoAppTests */,
				967E5916250CB03400E2B011 /* ToDoAppUITests */,
			);
		};
/* End PBXProject section */

/* Begin PBXResourcesBuildPhase section */
		967E58F4250CB03200E2B011 /* Resources */ = {
			isa = PBXResourcesBuildPhase;
			buildActionMask = 2147483647;
			files = (
				967E5906250CB03400E2B011 /* LaunchScreen.storyboard in Resources */,
				967E5903250CB03400E2B011 /* Preview Assets.xcassets in Resources */,
				967E5900250CB03400E2B011 /* Assets.xcassets in Resources */,
			);
			runOnlyForDeploymentPostprocessing = 0;
		};
		967E590A250CB03400E2B011 /* Resources */ = {
			isa = PBXResourcesBuildPhase;
			buildActionMask = 2147483647;
			files = (
			);
			runOnlyForDeploymentPostprocessing = 0;
		};
		967E5915250CB03400E2B011 /* Resources */ = {
			isa = PBXResourcesBuildPhase;
			buildActionMask = 2147483647;
			files = (
			);
			runOnlyForDeploymentPostprocessing = 0;
		};
/* End PBXResourcesBuildPhase section */

/* Begin PBXSourcesBuildPhase section */
		967E58F2250CB03200E2B011 /* Sources */ = {
			isa = PBXSourcesBuildPhase;
			buildActionMask = 2147483647;
			files = (
				967E58FA250CB03200E2B011 /* AppDelegate.swift in Sources */,
				967E592A250CB1CB00E2B011 /* File.swift in Sources */,
				967E58FC250CB03200E2B011 /* SceneDelegate.swift in Sources */,
				967E58FE250CB03200E2B011 /* ContentView.swift in Sources */,
			);
			runOnlyForDeploymentPostprocessing = 0;
		};
		967E5908250CB03400E2B011 /* Sources */ = {
			isa = PBXSourcesBuildPhase;
			buildActionMask = 2147483647;
			files = (
				967E5911250CB03400E2B011 /* ToDoAppTests.swift in Sources */,
			);
			runOnlyForDeploymentPostprocessing = 0;
		};
		967E5913250CB03400E2B011 /* Sources */ = {
			isa = PBXSourcesBuildPhase;
			buildActionMask = 2147483647;
			files = (
				967E591C250CB03400E2B011 /* ToDoAppUITests.swift in Sources */,
			);
			runOnlyForDeploymentPostprocessing = 0;
		};
/* End PBXSourcesBuildPhase section */

/* Begin PBXTargetDependency section */
		967E590E250CB03400E2B011 /* PBXTargetDependency */ = {
			isa = PBXTargetDependency;
			target = 967E58F5250CB03200E2B011 /* ToDoApp */;
			targetProxy = 967E590D250CB03400E2B011 /* PBXContainerItemProxy */;
		};
		967E5919250CB03400E2B011 /* PBXTargetDependency */ = {
			isa = PBXTargetDependency;
			target = 967E58F5250CB03200E2B011 /* ToDoApp */;
			targetProxy = 967E5918250CB03400E2B011 /* PBXContainerItemProxy */;
		};
/* End PBXTargetDependency section */

/* Begin PBXVariantGroup section */
		967E5904250CB03400E2B011 /* LaunchScreen.storyboard */ = {
			isa = PBXVariantGroup;
			children = (
				967E5905250CB03400E2B011 /* Base */,
			);
			name = LaunchScreen.storyboard;
			sourceTree = "<group>";
		};
/* End PBXVariantGroup section */

/* Begin XCBuildConfiguration section */
		967E591E250CB03400E2B011 /* Debug */ = {
			isa = XCBuildConfiguration;
			buildSettings = {
				ALWAYS_SEARCH_USER_PATHS = NO;
				CLANG_ANALYZER_NONNULL = YES;
				CLANG_ANALYZER_NUMBER_OBJECT_CONVERSION = YES_AGGRESSIVE;
				CLANG_CXX_LANGUAGE_STANDARD = "gnu++14";
				CLANG_CXX_LIBRARY = "libc++";
				CLANG_ENABLE_MODULES = YES;
				CLANG_ENABLE_OBJC_ARC = YES;
				CLANG_ENABLE_OBJC_WEAK = YES;
				CLANG_WARN_BLOCK_CAPTURE_AUTORELEASING = YES;
				CLANG_WARN_BOOL_CONVERSION = YES;
				CLANG_WARN_COMMA = YES;
				CLANG_WARN_CONSTANT_CONVERSION = YES;
				CLANG_WARN_DEPRECATED_OBJC_IMPLEMENTATIONS = YES;
				CLANG_WARN_DIRECT_OBJC_ISA_USAGE = YES_ERROR;
				CLANG_WARN_DOCUMENTATION_COMMENTS = YES;
				CLANG_WARN_EMPTY_BODY = YES;
				CLANG_WARN_ENUM_CONVERSION = YES;
				CLANG_WARN_INFINITE_RECURSION = YES;
				CLANG_WARN_INT_CONVERSION = YES;
				CLANG_WARN_NON_LITERAL_NULL_CONVERSION = YES;
				CLANG_WARN_OBJC_IMPLICIT_RETAIN_SELF = YES;
				CLANG_WARN_OBJC_LITERAL_CONVERSION = YES;
				CLANG_WARN_OBJC_ROOT_CLASS = YES_ERROR;
				CLANG_WARN_RANGE_LOOP_ANALYSIS = YES;
				CLANG_WARN_STRICT_PROTOTYPES = YES;
				CLANG_WARN_SUSPICIOUS_MOVE = YES;
				CLANG_WARN_UNGUARDED_AVAILABILITY = YES_AGGRESSIVE;
				CLANG_WARN_UNREACHABLE_CODE = YES;
				CLANG_WARN__DUPLICATE_METHOD_MATCH = YES;
				COPY_PHASE_STRIP = NO;
				DEBUG_INFORMATION_FORMAT = dwarf;
				ENABLE_STRICT_OBJC_MSGSEND = YES;
				ENABLE_TESTABILITY = YES;
				GCC_C_LANGUAGE_STANDARD = gnu11;
				GCC_DYNAMIC_NO_PIC = NO;
				GCC_NO_COMMON_BLOCKS = YES;
				GCC_OPTIMIZATION_LEVEL = 0;
				GCC_PREPROCESSOR_DEFINITIONS = (
					"DEBUG=1",
					"$(inherited)",
				);
				GCC_WARN_64_TO_32_BIT_CONVERSION = YES;
				GCC_WARN_ABOUT_RETURN_TYPE = YES_ERROR;
				GCC_WARN_UNDECLARED_SELECTOR = YES;
				GCC_WARN_UNINITIALIZED_AUTOS = YES_AGGRESSIVE;
				GCC_WARN_UNUSED_FUNCTION = YES;
				GCC_WARN_UNUSED_VARIABLE = YES;
				IPHONEOS_DEPLOYMENT_TARGET = 13.6;
				MTL_ENABLE_DEBUG_INFO = INCLUDE_SOURCE;
				MTL_FAST_MATH = YES;
				ONLY_ACTIVE_ARCH = YES;
				SDKROOT = iphoneos;
				SWIFT_ACTIVE_COMPILATION_CONDITIONS = DEBUG;
				SWIFT_OPTIMIZATION_LEVEL = "-Onone";
			};
			name = Debug;
		};
		967E591F250CB03400E2B011 /* Release */ = {
			isa = XCBuildConfiguration;
			buildSettings = {
				ALWAYS_SEARCH_USER_PATHS = NO;
				CLANG_ANALYZER_NONNULL = YES;
				CLANG_ANALYZER_NUMBER_OBJECT_CONVERSION = YES_AGGRESSIVE;
				CLANG_CXX_LANGUAGE_STANDARD = "gnu++14";
				CLANG_CXX_LIBRARY = "libc++";
				CLANG_ENABLE_MODULES = YES;
				CLANG_ENABLE_OBJC_ARC = YES;
				CLANG_ENABLE_OBJC_WEAK = YES;
				CLANG_WARN_BLOCK_CAPTURE_AUTORELEASING = YES;
				CLANG_WARN_BOOL_CONVERSION = YES;
				CLANG_WARN_COMMA = YES;
				CLANG_WARN_CONSTANT_CONVERSION = YES;
				CLANG_WARN_DEPRECATED_OBJC_IMPLEMENTATIONS = YES;
				CLANG_WARN_DIRECT_OBJC_ISA_USAGE = YES_ERROR;
				CLANG_WARN_DOCUMENTATION_COMMENTS = YES;
				CLANG_WARN_EMPTY_BODY = YES;
				CLANG_WARN_ENUM_CONVERSION = YES;
				CLANG_WARN_INFINITE_RECURSION = YES;
				CLANG_WARN_INT_CONVERSION = YES;
				CLANG_WARN_NON_LITERAL_NULL_CONVERSION = YES;
				CLANG_WARN_OBJC_IMPLICIT_RETAIN_SELF = YES;
				CLANG_WARN_OBJC_LITERAL_CONVERSION = YES;
				CLANG_WARN_OBJC_ROOT_CLASS = YES_ERROR;
				CLANG_WARN_RANGE_LOOP_ANALYSIS = YES;
				CLANG_WARN_STRICT_PROTOTYPES = YES;
				CLANG_WARN_SUSPICIOUS_MOVE = YES;
				CLANG_WARN_UNGUARDED_AVAILABILITY = YES_AGGRESSIVE;
				CLANG_WARN_UNREACHABLE_CODE = YES;
				CLANG_WARN__DUPLICATE_METHOD_MATCH = YES;
				COPY_PHASE_STRIP = NO;
				DEBUG_INFORMATION_FORMAT = "dwarf-with-dsym";
				ENABLE_NS_ASSERTIONS = NO;
				ENABLE_STRICT_OBJC_MSGSEND = YES;
				GCC_C_LANGUAGE_STANDARD = gnu11;
				GCC_NO_COMMON_BLOCKS = YES;
				GCC_WARN_64_TO_32_BIT_CONVERSION = YES;
				GCC_WARN_ABOUT_RETURN_TYPE = YES_ERROR;
				GCC_WARN_UNDECLARED_SELECTOR = YES;
				GCC_WARN_UNINITIALIZED_AUTOS = YES_AGGRESSIVE;
				GCC_WARN_UNUSED_FUNCTION = YES;
				GCC_WARN_UNUSED_VARIABLE = YES;
				IPHONEOS_DEPLOYMENT_TARGET = 13.6;
				MTL_ENABLE_DEBUG_INFO = NO;
				MTL_FAST_MATH = YES;
				SDKROOT = iphoneos;
				SWIFT_COMPILATION_MODE = wholemodule;
				SWIFT_OPTIMIZATION_LEVEL = "-O";
				VALIDATE_PRODUCT = YES;
			};
			name = Release;
		};
		967E5921250CB03400E2B011 /* Debug */ = {
			isa = XCBuildConfiguration;
			buildSettings = {
				ASSETCATALOG_COMPILER_APPICON_NAME = AppIcon;
				CODE_SIGN_STYLE = Automatic;
				DEVELOPMENT_ASSET_PATHS = "\"ToDoApp/Preview Content\"";
				ENABLE_PREVIEWS = YES;
				INFOPLIST_FILE = ToDoApp/Info.plist;
				LD_RUNPATH_SEARCH_PATHS = (
					"$(inherited)",
					"@executable_path/Frameworks",
				);
				PRODUCT_BUNDLE_IDENTIFIER = com.jordanhilado.ToDoApp;
				PRODUCT_NAME = "$(TARGET_NAME)";
				SWIFT_VERSION = 5.0;
				TARGETED_DEVICE_FAMILY = "1,2";
			};
			name = Debug;
		};
		967E5922250CB03400E2B011 /* Release */ = {
			isa = XCBuildConfiguration;
			buildSettings = {
				ASSETCATALOG_COMPILER_APPICON_NAME = AppIcon;
				CODE_SIGN_STYLE = Automatic;
				DEVELOPMENT_ASSET_PATHS = "\"ToDoApp/Preview Content\"";
				ENABLE_PREVIEWS = YES;
				INFOPLIST_FILE = ToDoApp/Info.plist;
				LD_RUNPATH_SEARCH_PATHS = (
					"$(inherited)",
					"@executable_path/Frameworks",
				);
				PRODUCT_BUNDLE_IDENTIFIER = com.jordanhilado.ToDoApp;
				PRODUCT_NAME = "$(TARGET_NAME)";
				SWIFT_VERSION = 5.0;
				TARGETED_DEVICE_FAMILY = "1,2";
			};
			name = Release;
		};
		967E5924250CB03400E2B011 /* Debug */ = {
			isa = XCBuildConfiguration;
			buildSettings = {
				ALWAYS_EMBED_SWIFT_STANDARD_LIBRARIES = YES;
				BUNDLE_LOADER = "$(TEST_HOST)";
				CODE_SIGN_STYLE = Automatic;
				INFOPLIST_FILE = ToDoAppTests/Info.plist;
				IPHONEOS_DEPLOYMENT_TARGET = 13.6;
				LD_RUNPATH_SEARCH_PATHS = (
					"$(inherited)",
					"@executable_path/Frameworks",
					"@loader_path/Frameworks",
				);
				PRODUCT_BUNDLE_IDENTIFIER = com.jordanhilado.ToDoAppTests;
				PRODUCT_NAME = "$(TARGET_NAME)";
				SWIFT_VERSION = 5.0;
				TARGETED_DEVICE_FAMILY = "1,2";
				TEST_HOST = "$(BUILT_PRODUCTS_DIR)/ToDoApp.app/ToDoApp";
			};
			name = Debug;
		};
		967E5925250CB03400E2B011 /* Release */ = {
			isa = XCBuildConfiguration;
			buildSettings = {
				ALWAYS_EMBED_SWIFT_STANDARD_LIBRARIES = YES;
				BUNDLE_LOADER = "$(TEST_HOST)";
				CODE_SIGN_STYLE = Automatic;
				INFOPLIST_FILE = ToDoAppTests/Info.plist;
				IPHONEOS_DEPLOYMENT_TARGET = 13.6;
				LD_RUNPATH_SEARCH_PATHS = (
					"$(inherited)",
					"@executable_path/Frameworks",
					"@loader_path/Frameworks",
				);
				PRODUCT_BUNDLE_IDENTIFIER = com.jordanhilado.ToDoAppTests;
				PRODUCT_NAME = "$(TARGET_NAME)";
				SWIFT_VERSION = 5.0;
				TARGETED_DEVICE_FAMILY = "1,2";
				TEST_HOST = "$(BUILT_PRODUCTS_DIR)/ToDoApp.app/ToDoApp";
			};
			name = Release;
		};
		967E5927250CB03400E2B011 /* Debug */ = {
			isa = XCBuildConfiguration;
			buildSettings = {
				ALWAYS_EMBED_SWIFT_STANDARD_LIBRARIES = YES;
				CODE_SIGN_STYLE = Automatic;
				INFOPLIST_FILE = ToDoAppUITests/Info.plist;
				LD_RUNPATH_SEARCH_PATHS = (
					"$(inherited)",
					"@executable_path/Frameworks",
					"@loader_path/Frameworks",
				);
				PRODUCT_BUNDLE_IDENTIFIER = com.jordanhilado.ToDoAppUITests;
				PRODUCT_NAME = "$(TARGET_NAME)";
				SWIFT_VERSION = 5.0;
				TARGETED_DEVICE_FAMILY = "1,2";
				TEST_TARGET_NAME = ToDoApp;
			};
			name = Debug;
		};
		967E5928250CB03400E2B011 /* Release */ = {
			isa = XCBuildConfiguration;
			buildSettings = {
				ALWAYS_EMBED_SWIFT_STANDARD_LIBRARIES = YES;
				CODE_SIGN_STYLE = Automatic;
				INFOPLIST_FILE = ToDoAppUITests/Info.plist;
				LD_RUNPATH_SEARCH_PATHS = (
					"$(inherited)",
					"@executable_path/Frameworks",
					"@loader_path/Frameworks",
				);
				PRODUCT_BUNDLE_IDENTIFIER = com.jordanhilado.ToDoAppUITests;
				PRODUCT_NAME = "$(TARGET_NAME)";
				SWIFT_VERSION = 5.0;
				TARGETED_DEVICE_FAMILY = "1,2";
				TEST_TARGET_NAME = ToDoApp;
			};
			name = Release;
		};
/* End XCBuildConfiguration section */

/* Begin XCConfigurationList section */
		967E58F1250CB03200E2B011 /* Build configuration list for PBXProject "ToDoApp" */ = {
			isa = XCConfigurationList;
			buildConfigurations = (
				967E591E250CB03400E2B011 /* Debug */,
				967E591F250CB03400E2B011 /* Release */,
			);
			defaultConfigurationIsVisible = 0;
			defaultConfigurationName = Release;
		};
		967E5920250CB03400E2B011 /* Build configuration list for PBXNativeTarget "ToDoApp" */ = {
			isa = XCConfigurationList;
			buildConfigurations = (
				967E5921250CB03400E2B011 /* Debug */,
				967E5922250CB03400E2B011 /* Release */,
			);
			defaultConfigurationIsVisible = 0;
			defaultConfigurationName = Release;
		};
		967E5923250CB03400E2B011 /* Build configuration list for PBXNativeTarget "ToDoAppTests" */ = {
			isa = XCConfigurationList;
			buildConfigurations = (
				967E5924250CB03400E2B011 /* Debug */,
				967E5925250CB03400E2B011 /* Release */,
			);
			defaultConfigurationIsVisible = 0;
			defaultConfigurationName = Release;
		};
		967E5926250CB03400E2B011 /* Build configuration list for PBXNativeTarget "ToDoAppUITests" */ = {
			isa = XCConfigurationList;
			buildConfigurations = (
				967E5927250CB03400E2B011 /* Debug */,
				967E5928250CB03400E2B011 /* Release */,
			);
			defaultConfigurationIsVisible = 0;
			defaultConfigurationName = Release;
		};
/* End XCConfigurationList section */
	};
	rootObject = 967E58EE250CB03200E2B011 /* Project object */;
}
